// !$*UTF8*$!
{
	archiveVersion = 1;
	classes = {
	};
	objectVersion = 50;
	objects = {

/* Begin PBXBuildFile section */
		212BA5E32537EA1300F5F065 /* AppDelegate.m in Sources */ = {isa = PBXBuildFile; fileRef = 212BA5E22537EA1300F5F065 /* AppDelegate.m */; };
		212BA5E62537EA1300F5F065 /* SceneDelegate.m in Sources */ = {isa = PBXBuildFile; fileRef = 212BA5E52537EA1300F5F065 /* SceneDelegate.m */; };
		212BA5E92537EA1300F5F065 /* BookListViewController.m in Sources */ = {isa = PBXBuildFile; fileRef = 212BA5E82537EA1300F5F065 /* BookListViewController.m */; };
		212BA5EC2537EA1300F5F065 /* Main.storyboard in Resources */ = {isa = PBXBuildFile; fileRef = 212BA5EA2537EA1300F5F065 /* Main.storyboard */; };
		212BA5EE2537EA1400F5F065 /* Assets.xcassets in Resources */ = {isa = PBXBuildFile; fileRef = 212BA5ED2537EA1400F5F065 /* Assets.xcassets */; };
		212BA5F12537EA1400F5F065 /* LaunchScreen.storyboard in Resources */ = {isa = PBXBuildFile; fileRef = 212BA5EF2537EA1400F5F065 /* LaunchScreen.storyboard */; };
		212BA5F42537EA1400F5F065 /* main.m in Sources */ = {isa = PBXBuildFile; fileRef = 212BA5F32537EA1400F5F065 /* main.m */; };
		212BA6052537F10B00F5F065 /* Book.m in Sources */ = {isa = PBXBuildFile; fileRef = 212BA6042537F10A00F5F065 /* Book.m */; };
		212BA60B2537F25300F5F065 /* NetworkManager.m in Sources */ = {isa = PBXBuildFile; fileRef = 212BA60A2537F25300F5F065 /* NetworkManager.m */; };
		212BA6132537F4EE00F5F065 /* BookImageInfo.m in Sources */ = {isa = PBXBuildFile; fileRef = 212BA6122537F4EE00F5F065 /* BookImageInfo.m */; };
		212BA61D2537F89900F5F065 /* BookTableViewCell.m in Sources */ = {isa = PBXBuildFile; fileRef = 212BA61C2537F89900F5F065 /* BookTableViewCell.m */; };
		21A2A2592538ED36000D2785 /* VolumeInfo.m in Sources */ = {isa = PBXBuildFile; fileRef = 21A2A2582538ED36000D2785 /* VolumeInfo.m */; };
/* End PBXBuildFile section */

/* Begin PBXFileReference section */
		212BA5DE2537EA1300F5F065 /* Google Books App in Obj-C.app */ = {isa = PBXFileReference; explicitFileType = wrapper.application; includeInIndex = 0; path = "Google Books App in Obj-C.app"; sourceTree = BUILT_PRODUCTS_DIR; };
		212BA5E12537EA1300F5F065 /* AppDelegate.h */ = {isa = PBXFileReference; lastKnownFileType = sourcecode.c.h; path = AppDelegate.h; sourceTree = "<group>"; };
		212BA5E22537EA1300F5F065 /* AppDelegate.m */ = {isa = PBXFileReference; lastKnownFileType = sourcecode.c.objc; path = AppDelegate.m; sourceTree = "<group>"; };
		212BA5E42537EA1300F5F065 /* SceneDelegate.h */ = {isa = PBXFileReference; lastKnownFileType = sourcecode.c.h; path = SceneDelegate.h; sourceTree = "<group>"; };
		212BA5E52537EA1300F5F065 /* SceneDelegate.m */ = {isa = PBXFileReference; lastKnownFileType = sourcecode.c.objc; path = SceneDelegate.m; sourceTree = "<group>"; };
		212BA5E72537EA1300F5F065 /* BookListViewController.h */ = {isa = PBXFileReference; lastKnownFileType = sourcecode.c.h; path = BookListViewController.h; sourceTree = "<group>"; };
		212BA5E82537EA1300F5F065 /* BookListViewController.m */ = {isa = PBXFileReference; lastKnownFileType = sourcecode.c.objc; path = BookListViewController.m; sourceTree = "<group>"; };
		212BA5EB2537EA1300F5F065 /* Base */ = {isa = PBXFileReference; lastKnownFileType = file.storyboard; name = Base; path = Base.lproj/Main.storyboard; sourceTree = "<group>"; };
		212BA5ED2537EA1400F5F065 /* Assets.xcassets */ = {isa = PBXFileReference; lastKnownFileType = folder.assetcatalog; path = Assets.xcassets; sourceTree = "<group>"; };
		212BA5F02537EA1400F5F065 /* Base */ = {isa = PBXFileReference; lastKnownFileType = file.storyboard; name = Base; path = Base.lproj/LaunchScreen.storyboard; sourceTree = "<group>"; };
		212BA5F22537EA1400F5F065 /* Info.plist */ = {isa = PBXFileReference; lastKnownFileType = text.plist.xml; path = Info.plist; sourceTree = "<group>"; };
		212BA5F32537EA1400F5F065 /* main.m */ = {isa = PBXFileReference; lastKnownFileType = sourcecode.c.objc; path = main.m; sourceTree = "<group>"; };
		212BA6032537F10A00F5F065 /* Book.h */ = {isa = PBXFileReference; lastKnownFileType = sourcecode.c.h; path = Book.h; sourceTree = "<group>"; };
		212BA6042537F10A00F5F065 /* Book.m */ = {isa = PBXFileReference; lastKnownFileType = sourcecode.c.objc; path = Book.m; sourceTree = "<group>"; };
		212BA6092537F25300F5F065 /* NetworkManager.h */ = {isa = PBXFileReference; lastKnownFileType = sourcecode.c.h; path = NetworkManager.h; sourceTree = "<group>"; };
		212BA60A2537F25300F5F065 /* NetworkManager.m */ = {isa = PBXFileReference; lastKnownFileType = sourcecode.c.objc; path = NetworkManager.m; sourceTree = "<group>"; };
		212BA6112537F4EE00F5F065 /* BookImageInfo.h */ = {isa = PBXFileReference; lastKnownFileType = sourcecode.c.h; path = BookImageInfo.h; sourceTree = "<group>"; };
		212BA6122537F4EE00F5F065 /* BookImageInfo.m */ = {isa = PBXFileReference; lastKnownFileType = sourcecode.c.objc; path = BookImageInfo.m; sourceTree = "<group>"; };
		212BA61B2537F89900F5F065 /* BookTableViewCell.h */ = {isa = PBXFileReference; lastKnownFileType = sourcecode.c.h; path = BookTableViewCell.h; sourceTree = "<group>"; };
		212BA61C2537F89900F5F065 /* BookTableViewCell.m */ = {isa = PBXFileReference; lastKnownFileType = sourcecode.c.objc; path = BookTableViewCell.m; sourceTree = "<group>"; };
		21A2A2572538ED36000D2785 /* VolumeInfo.h */ = {isa = PBXFileReference; lastKnownFileType = sourcecode.c.h; path = VolumeInfo.h; sourceTree = "<group>"; };
		21A2A2582538ED36000D2785 /* VolumeInfo.m */ = {isa = PBXFileReference; lastKnownFileType = sourcecode.c.objc; path = VolumeInfo.m; sourceTree = "<group>"; };
/* End PBXFileReference section */

/* Begin PBXFrameworksBuildPhase section */
		212BA5DB2537EA1300F5F065 /* Frameworks */ = {
			isa = PBXFrameworksBuildPhase;
			buildActionMask = 2147483647;
			files = (
			);
			runOnlyForDeploymentPostprocessing = 0;
		};
/* End PBXFrameworksBuildPhase section */

/* Begin PBXGroup section */
		212BA5D52537EA1300F5F065 = {
			isa = PBXGroup;
			children = (
				212BA5E02537EA1300F5F065 /* Google Books App in Obj-C */,
				212BA5DF2537EA1300F5F065 /* Products */,
			);
			sourceTree = "<group>";
		};
		212BA5DF2537EA1300F5F065 /* Products */ = {
			isa = PBXGroup;
			children = (
				212BA5DE2537EA1300F5F065 /* Google Books App in Obj-C.app */,
			);
			name = Products;
			sourceTree = "<group>";
		};
		212BA5E02537EA1300F5F065 /* Google Books App in Obj-C */ = {
			isa = PBXGroup;
			children = (
				212BA5FB2537EBAF00F5F065 /* Support */,
				212BA6082537F24000F5F065 /* Network Layer */,
				212BA5FE2537EDE500F5F065 /* BookListScreen */,
				212BA5EA2537EA1300F5F065 /* Main.storyboard */,
			);
			path = "Google Books App in Obj-C";
			sourceTree = "<group>";
		};
		212BA5FB2537EBAF00F5F065 /* Support */ = {
			isa = PBXGroup;
			children = (
				212BA5F22537EA1400F5F065 /* Info.plist */,
				212BA5ED2537EA1400F5F065 /* Assets.xcassets */,
				212BA5EF2537EA1400F5F065 /* LaunchScreen.storyboard */,
				212BA5F32537EA1400F5F065 /* main.m */,
				212BA60E2537F4C900F5F065 /* Delegates */,
			);
			path = Support;
			sourceTree = "<group>";
		};
		212BA5FE2537EDE500F5F065 /* BookListScreen */ = {
			isa = PBXGroup;
			children = (
				212BA6022537F0EB00F5F065 /* Model */,
				212BA6002537EE0000F5F065 /* View */,
				212BA5FF2537EDF100F5F065 /* Controller */,
			);
			path = BookListScreen;
			sourceTree = "<group>";
		};
		212BA5FF2537EDF100F5F065 /* Controller */ = {
			isa = PBXGroup;
			children = (
				212BA5E72537EA1300F5F065 /* BookListViewController.h */,
				212BA5E82537EA1300F5F065 /* BookListViewController.m */,
			);
			path = Controller;
			sourceTree = "<group>";
		};
		212BA6002537EE0000F5F065 /* View */ = {
			isa = PBXGroup;
			children = (
				212BA61B2537F89900F5F065 /* BookTableViewCell.h */,
				212BA61C2537F89900F5F065 /* BookTableViewCell.m */,
			);
			path = View;
			sourceTree = "<group>";
		};
		212BA6022537F0EB00F5F065 /* Model */ = {
			isa = PBXGroup;
			children = (
				212BA60F2537F4D700F5F065 /* Book */,
				212BA6102537F4DE00F5F065 /* BookImageInfo */,
				21A2A2562538ED23000D2785 /* VolumeInfo */,
			);
			path = Model;
			sourceTree = "<group>";
		};
		212BA6082537F24000F5F065 /* Network Layer */ = {
			isa = PBXGroup;
			children = (
				212BA6092537F25300F5F065 /* NetworkManager.h */,
				212BA60A2537F25300F5F065 /* NetworkManager.m */,
			);
			path = "Network Layer";
			sourceTree = "<group>";
		};
		212BA60E2537F4C900F5F065 /* Delegates */ = {
			isa = PBXGroup;
			children = (
				212BA5E12537EA1300F5F065 /* AppDelegate.h */,
				212BA5E22537EA1300F5F065 /* AppDelegate.m */,
				212BA5E42537EA1300F5F065 /* SceneDelegate.h */,
				212BA5E52537EA1300F5F065 /* SceneDelegate.m */,
			);
			path = Delegates;
			sourceTree = "<group>";
		};
		212BA60F2537F4D700F5F065 /* Book */ = {
			isa = PBXGroup;
			children = (
				212BA6032537F10A00F5F065 /* Book.h */,
				212BA6042537F10A00F5F065 /* Book.m */,
			);
			path = Book;
			sourceTree = "<group>";
		};
		212BA6102537F4DE00F5F065 /* BookImageInfo */ = {
			isa = PBXGroup;
			children = (
				212BA6112537F4EE00F5F065 /* BookImageInfo.h */,
				212BA6122537F4EE00F5F065 /* BookImageInfo.m */,
			);
			path = BookImageInfo;
			sourceTree = "<group>";
		};
		21A2A2562538ED23000D2785 /* VolumeInfo */ = {
			isa = PBXGroup;
			children = (
				21A2A2572538ED36000D2785 /* VolumeInfo.h */,
				21A2A2582538ED36000D2785 /* VolumeInfo.m */,
			);
			path = VolumeInfo;
			sourceTree = "<group>";
		};
/* End PBXGroup section */

/* Begin PBXNativeTarget section */
		212BA5DD2537EA1300F5F065 /* Google Books App in Obj-C */ = {
			isa = PBXNativeTarget;
			buildConfigurationList = 212BA5F72537EA1400F5F065 /* Build configuration list for PBXNativeTarget "Google Books App in Obj-C" */;
			buildPhases = (
				212BA5DA2537EA1300F5F065 /* Sources */,
				212BA5DB2537EA1300F5F065 /* Frameworks */,
				212BA5DC2537EA1300F5F065 /* Resources */,
			);
			buildRules = (
			);
			dependencies = (
			);
			name = "Google Books App in Obj-C";
			productName = "Google Books App in Obj-C";
			productReference = 212BA5DE2537EA1300F5F065 /* Google Books App in Obj-C.app */;
			productType = "com.apple.product-type.application";
		};
/* End PBXNativeTarget section */

/* Begin PBXProject section */
		212BA5D62537EA1300F5F065 /* Project object */ = {
			isa = PBXProject;
			attributes = {
				LastUpgradeCheck = 1200;
				TargetAttributes = {
					212BA5DD2537EA1300F5F065 = {
						CreatedOnToolsVersion = 12.0.1;
					};
				};
			};
			buildConfigurationList = 212BA5D92537EA1300F5F065 /* Build configuration list for PBXProject "Google Books App in Obj-C" */;
			compatibilityVersion = "Xcode 9.3";
			developmentRegion = en;
			hasScannedForEncodings = 0;
			knownRegions = (
				en,
				Base,
			);
			mainGroup = 212BA5D52537EA1300F5F065;
			productRefGroup = 212BA5DF2537EA1300F5F065 /* Products */;
			projectDirPath = "";
			projectRoot = "";
			targets = (
				212BA5DD2537EA1300F5F065 /* Google Books App in Obj-C */,
			);
		};
/* End PBXProject section */

/* Begin PBXResourcesBuildPhase section */
		212BA5DC2537EA1300F5F065 /* Resources */ = {
			isa = PBXResourcesBuildPhase;
			buildActionMask = 2147483647;
			files = (
				212BA5F12537EA1400F5F065 /* LaunchScreen.storyboard in Resources */,
				212BA5EE2537EA1400F5F065 /* Assets.xcassets in Resources */,
				212BA5EC2537EA1300F5F065 /* Main.storyboard in Resources */,
			);
			runOnlyForDeploymentPostprocessing = 0;
		};
/* End PBXResourcesBuildPhase section */

/* Begin PBXSourcesBuildPhase section */
		212BA5DA2537EA1300F5F065 /* Sources */ = {
			isa = PBXSourcesBuildPhase;
			buildActionMask = 2147483647;
			files = (
				212BA6052537F10B00F5F065 /* Book.m in Sources */,
				212BA6132537F4EE00F5F065 /* BookImageInfo.m in Sources */,
				212BA5E92537EA1300F5F065 /* BookListViewController.m in Sources */,
				212BA5E32537EA1300F5F065 /* AppDelegate.m in Sources */,
				212BA61D2537F89900F5F065 /* BookTableViewCell.m in Sources */,
				212BA5F42537EA1400F5F065 /* main.m in Sources */,
				21A2A2592538ED36000D2785 /* VolumeInfo.m in Sources */,
				212BA60B2537F25300F5F065 /* NetworkManager.m in Sources */,
				212BA5E62537EA1300F5F065 /* SceneDelegate.m in Sources */,
			);
			runOnlyForDeploymentPostprocessing = 0;
		};
/* End PBXSourcesBuildPhase section */

/* Begin PBXVariantGroup section */
		212BA5EA2537EA1300F5F065 /* Main.storyboard */ = {
			isa = PBXVariantGroup;
			children = (
				212BA5EB2537EA1300F5F065 /* Base */,
			);
			name = Main.storyboard;
			sourceTree = "<group>";
		};
		212BA5EF2537EA1400F5F065 /* LaunchScreen.storyboard */ = {
			isa = PBXVariantGroup;
			children = (
				212BA5F02537EA1400F5F065 /* Base */,
			);
			name = LaunchScreen.storyboard;
			sourceTree = "<group>";
		};
/* End PBXVariantGroup section */

/* Begin XCBuildConfiguration section */
		212BA5F52537EA1400F5F065 /* Debug */ = {
			isa = XCBuildConfiguration;
			buildSettings = {
				ALWAYS_SEARCH_USER_PATHS = NO;
				CLANG_ANALYZER_NONNULL = YES;
				CLANG_ANALYZER_NUMBER_OBJECT_CONVERSION = YES_AGGRESSIVE;
				CLANG_CXX_LANGUAGE_STANDARD = "gnu++14";
				CLANG_CXX_LIBRARY = "libc++";
				CLANG_ENABLE_MODULES = YES;
				CLANG_ENABLE_OBJC_ARC = YES;
				CLANG_ENABLE_OBJC_WEAK = YES;
				CLANG_WARN_BLOCK_CAPTURE_AUTORELEASING = YES;
				CLANG_WARN_BOOL_CONVERSION = YES;
				CLANG_WARN_COMMA = YES;
				CLANG_WARN_CONSTANT_CONVERSION = YES;
				CLANG_WARN_DEPRECATED_OBJC_IMPLEMENTATIONS = YES;
				CLANG_WARN_DIRECT_OBJC_ISA_USAGE = YES_ERROR;
				CLANG_WARN_DOCUMENTATION_COMMENTS = YES;
				CLANG_WARN_EMPTY_BODY = YES;
				CLANG_WARN_ENUM_CONVERSION = YES;
				CLANG_WARN_INFINITE_RECURSION = YES;
				CLANG_WARN_INT_CONVERSION = YES;
				CLANG_WARN_NON_LITERAL_NULL_CONVERSION = YES;
				CLANG_WARN_OBJC_IMPLICIT_RETAIN_SELF = YES;
				CLANG_WARN_OBJC_LITERAL_CONVERSION = YES;
				CLANG_WARN_OBJC_ROOT_CLASS = YES_ERROR;
				CLANG_WARN_QUOTED_INCLUDE_IN_FRAMEWORK_HEADER = YES;
				CLANG_WARN_RANGE_LOOP_ANALYSIS = YES;
				CLANG_WARN_STRICT_PROTOTYPES = YES;
				CLANG_WARN_SUSPICIOUS_MOVE = YES;
				CLANG_WARN_UNGUARDED_AVAILABILITY = YES_AGGRESSIVE;
				CLANG_WARN_UNREACHABLE_CODE = YES;
				CLANG_WARN__DUPLICATE_METHOD_MATCH = YES;
				COPY_PHASE_STRIP = NO;
				DEBUG_INFORMATION_FORMAT = dwarf;
				ENABLE_STRICT_OBJC_MSGSEND = YES;
				ENABLE_TESTABILITY = YES;
				GCC_C_LANGUAGE_STANDARD = gnu11;
				GCC_DYNAMIC_NO_PIC = NO;
				GCC_NO_COMMON_BLOCKS = YES;
				GCC_OPTIMIZATION_LEVEL = 0;
				GCC_PREPROCESSOR_DEFINITIONS = (
					"DEBUG=1",
					"$(inherited)",
				);
				GCC_WARN_64_TO_32_BIT_CONVERSION = YES;
				GCC_WARN_ABOUT_RETURN_TYPE = YES_ERROR;
				GCC_WARN_UNDECLARED_SELECTOR = YES;
				GCC_WARN_UNINITIALIZED_AUTOS = YES_AGGRESSIVE;
				GCC_WARN_UNUSED_FUNCTION = YES;
				GCC_WARN_UNUSED_VARIABLE = YES;
				IPHONEOS_DEPLOYMENT_TARGET = 14.0;
				MTL_ENABLE_DEBUG_INFO = INCLUDE_SOURCE;
				MTL_FAST_MATH = YES;
				ONLY_ACTIVE_ARCH = YES;
				SDKROOT = iphoneos;
			};
			name = Debug;
		};
		212BA5F62537EA1400F5F065 /* Release */ = {
			isa = XCBuildConfiguration;
			buildSettings = {
				ALWAYS_SEARCH_USER_PATHS = NO;
				CLANG_ANALYZER_NONNULL = YES;
				CLANG_ANALYZER_NUMBER_OBJECT_CONVERSION = YES_AGGRESSIVE;
				CLANG_CXX_LANGUAGE_STANDARD = "gnu++14";
				CLANG_CXX_LIBRARY = "libc++";
				CLANG_ENABLE_MODULES = YES;
				CLANG_ENABLE_OBJC_ARC = YES;
				CLANG_ENABLE_OBJC_WEAK = YES;
				CLANG_WARN_BLOCK_CAPTURE_AUTORELEASING = YES;
				CLANG_WARN_BOOL_CONVERSION = YES;
				CLANG_WARN_COMMA = YES;
				CLANG_WARN_CONSTANT_CONVERSION = YES;
				CLANG_WARN_DEPRECATED_OBJC_IMPLEMENTATIONS = YES;
				CLANG_WARN_DIRECT_OBJC_ISA_USAGE = YES_ERROR;
				CLANG_WARN_DOCUMENTATION_COMMENTS = YES;
				CLANG_WARN_EMPTY_BODY = YES;
				CLANG_WARN_ENUM_CONVERSION = YES;
				CLANG_WARN_INFINITE_RECURSION = YES;
				CLANG_WARN_INT_CONVERSION = YES;
				CLANG_WARN_NON_LITERAL_NULL_CONVERSION = YES;
				CLANG_WARN_OBJC_IMPLICIT_RETAIN_SELF = YES;
				CLANG_WARN_OBJC_LITERAL_CONVERSION = YES;
				CLANG_WARN_OBJC_ROOT_CLASS = YES_ERROR;
				CLANG_WARN_QUOTED_INCLUDE_IN_FRAMEWORK_HEADER = YES;
				CLANG_WARN_RANGE_LOOP_ANALYSIS = YES;
				CLANG_WARN_STRICT_PROTOTYPES = YES;
				CLANG_WARN_SUSPICIOUS_MOVE = YES;
				CLANG_WARN_UNGUARDED_AVAILABILITY = YES_AGGRESSIVE;
				CLANG_WARN_UNREACHABLE_CODE = YES;
				CLANG_WARN__DUPLICATE_METHOD_MATCH = YES;
				COPY_PHASE_STRIP = NO;
				DEBUG_INFORMATION_FORMAT = "dwarf-with-dsym";
				ENABLE_NS_ASSERTIONS = NO;
				ENABLE_STRICT_OBJC_MSGSEND = YES;
				GCC_C_LANGUAGE_STANDARD = gnu11;
				GCC_NO_COMMON_BLOCKS = YES;
				GCC_WARN_64_TO_32_BIT_CONVERSION = YES;
				GCC_WARN_ABOUT_RETURN_TYPE = YES_ERROR;
				GCC_WARN_UNDECLARED_SELECTOR = YES;
				GCC_WARN_UNINITIALIZED_AUTOS = YES_AGGRESSIVE;
				GCC_WARN_UNUSED_FUNCTION = YES;
				GCC_WARN_UNUSED_VARIABLE = YES;
				IPHONEOS_DEPLOYMENT_TARGET = 14.0;
				MTL_ENABLE_DEBUG_INFO = NO;
				MTL_FAST_MATH = YES;
				SDKROOT = iphoneos;
				VALIDATE_PRODUCT = YES;
			};
			name = Release;
		};
		212BA5F82537EA1400F5F065 /* Debug */ = {
			isa = XCBuildConfiguration;
			buildSettings = {
				ASSETCATALOG_COMPILER_APPICON_NAME = AppIcon;
				ASSETCATALOG_COMPILER_GLOBAL_ACCENT_COLOR_NAME = AccentColor;
				CODE_SIGN_STYLE = Automatic;
				DEVELOPMENT_TEAM = 69P6K7C2T4;
				INFOPLIST_FILE = "Google Books App in Obj-C/Support/Info.plist";
				LD_RUNPATH_SEARCH_PATHS = (
					"$(inherited)",
					"@executable_path/Frameworks",
				);
				PRODUCT_BUNDLE_IDENTIFIER = "com.colinmurphy.Google-Books-App-in-Obj-C";
				PRODUCT_NAME = "$(TARGET_NAME)";
				TARGETED_DEVICE_FAMILY = "1,2";
			};
			name = Debug;
		};
		212BA5F92537EA1400F5F065 /* Release */ = {
			isa = XCBuildConfiguration;
			buildSettings = {
				ASSETCATALOG_COMPILER_APPICON_NAME = AppIcon;
				ASSETCATALOG_COMPILER_GLOBAL_ACCENT_COLOR_NAME = AccentColor;
				CODE_SIGN_STYLE = Automatic;
				DEVELOPMENT_TEAM = 69P6K7C2T4;
				INFOPLIST_FILE = "Google Books App in Obj-C/Support/Info.plist";
				LD_RUNPATH_SEARCH_PATHS = (
					"$(inherited)",
					"@executable_path/Frameworks",
				);
				PRODUCT_BUNDLE_IDENTIFIER = "com.colinmurphy.Google-Books-App-in-Obj-C";
				PRODUCT_NAME = "$(TARGET_NAME)";
				TARGETED_DEVICE_FAMILY = "1,2";
			};
			name = Release;
		};
/* End XCBuildConfiguration section */

/* Begin XCConfigurationList section */
		212BA5D92537EA1300F5F065 /* Build configuration list for PBXProject "Google Books App in Obj-C" */ = {
			isa = XCConfigurationList;
			buildConfigurations = (
				212BA5F52537EA1400F5F065 /* Debug */,
				212BA5F62537EA1400F5F065 /* Release */,
			);
			defaultConfigurationIsVisible = 0;
			defaultConfigurationName = Release;
		};
		212BA5F72537EA1400F5F065 /* Build configuration list for PBXNativeTarget "Google Books App in Obj-C" */ = {
			isa = XCConfigurationList;
			buildConfigurations = (
				212BA5F82537EA1400F5F065 /* Debug */,
				212BA5F92537EA1400F5F065 /* Release */,
			);
			defaultConfigurationIsVisible = 0;
			defaultConfigurationName = Release;
		};
/* End XCConfigurationList section */
	};
	rootObject = 212BA5D62537EA1300F5F065 /* Project object */;
}
